github.com/gorilla/mux v1.7.4 h1:VuZ8uybHlWmqV03+zRzdwKL4tUnIp1MAQtp1mIFE1bc=
github.com/gorilla/mux v1.7.4/go.mod h1:DVbg23sWSpFRCP0SfiEN6jmj59UnW/n46BH5rLB71So=
github.com/shreddedbacon/fronius-client v0.0.0-20200815001354-d0a0d6a2f71a h1:BQK88a3EAH4DPFsWIhIeRljoNYfgm1U8EmxkJ9t+o20=
github.com/shreddedbacon/fronius-client v0.0.0-20200815001354-d0a0d6a2f71a/go.mod h1:D8KPUCiReVU6YHZlIr9wvgzLmMnRmFs0RJOPiDMFzSg=
